{
    "_readme": [
        "This file locks the dependencies of your project to a known state",
        "Read more about it at https://getcomposer.org/doc/01-basic-usage.md#installing-dependencies",
        "This file is @generated automatically"
    ],
    "content-hash": "5b1958b2c9e08e9e118d232b2b26fe4d",
    "packages": [
        {
            "name": "cotoflux/randomnum",
            "version": "master",
            "dist": {
                "type": "zip",
                "url": "./testComposer.zip",
                "reference": "master"
            },
            "type": "library",
            "autoload": {
                "classmap": [
                    "."
                ]
            }
        }
    ],
    "packages-dev": [],
    "aliases": [],
    "minimum-stability": "stable",
    "stability-flags": {
        "cotoflux/randomnum": 20
    },
    "prefer-stable": false,
    "prefer-lowest": false,
    "platform": [],
    "platform-dev": []
}
